
Microsoft Visual Studio Solution File, Format Version 12.00
# Visual Studio Version 17
VisualStudioVersion = 17.14.37614.0 d17.14
MinimumVisualStudioVersion = 10.0.40219.1
Project("{FAE04EC0-301F-11D3-BF4B-00C04F79EFBC}") = "WindowsFormsApp_Load_Save_image", "WindowsFormsApp_Load_Save_image.csproj", "{83B5D06C-BE47-477A-91E5-5B0236D813EC}"
EndProject
Global
	GlobalSection(SolutionConfigurationPlatforms) = preSolution
		Debug|Any CPU = Debug|Any CPU
		Release|Any CPU = Release|Any CPU
	EndGlobalSection
	GlobalSection(ProjectConfigurationPlatforms) = postSolution
		{83B5D06C-BE47-477A-91E5-5B0236D813EC}.Debug|Any CPU.ActiveCfg = Debug|Any CPU
		{83B5D06C-BE47-477A-91E5-5B0236D813EC}.Debug|Any CPU.Build.0 = Debug|Any CPU
		{83B5D06C-BE47-477A-91E5-5B0236D813EC}.Release|Any CPU.ActiveCfg = Release|Any CPU
		{83B5D06C-BE47-477A-91E5-5B0236D813EC}.Release|Any CPU.Build.0 = Release|Any CPU
	EndGlobalSection
	GlobalSection(SolutionProperties) = preSolution
		HideSolutionNode = FALSE
	EndGlobalSection
	GlobalSection(ExtensibilityGlobals) = postSolution
		SolutionGuid = {A7B48DEF-6C22-42B1-BBBF-24905807D4F8}
	EndGlobalSection
EndGlobal
